
Microsoft Visual Studio Solution File, Format Version 12.00
# Visual Studio 14
VisualStudioVersion = 14.0.25420.1
MinimumVisualStudioVersion = 10.0.40219.1
Project("{8BC9CEB8-8B4A-11D0-8D11-00A0C91BC942}") = "flip_byte", "flip_byte\flip_byte.vcxproj", "{3D93D337-C4B2-42F0-A1B7-843C555BFB53}"
EndProject
Project("{8BC9CEB8-8B4A-11D0-8D11-00A0C91BC942}") = "tests", "tests\tests.vcxproj", "{362E5B74-7EEA-4B06-9730-6F06EE77830B}"
EndProject
Global
	GlobalSection(SolutionConfigurationPlatforms) = preSolution
		Debug|x64 = Debug|x64
		Debug|x86 = Debug|x86
		Release|x64 = Release|x64
		Release|x86 = Release|x86
	EndGlobalSection
	GlobalSection(ProjectConfigurationPlatforms) = postSolution
		{3D93D337-C4B2-42F0-A1B7-843C555BFB53}.Debug|x64.ActiveCfg = Debug|x64
		{3D93D337-C4B2-42F0-A1B7-843C555BFB53}.Debug|x64.Build.0 = Debug|x64
		{3D93D337-C4B2-42F0-A1B7-843C555BFB53}.Debug|x86.ActiveCfg = Debug|Win32
		{3D93D337-C4B2-42F0-A1B7-843C555BFB53}.Debug|x86.Build.0 = Debug|Win32
		{3D93D337-C4B2-42F0-A1B7-843C555BFB53}.Release|x64.ActiveCfg = Release|x64
		{3D93D337-C4B2-42F0-A1B7-843C555BFB53}.Release|x64.Build.0 = Release|x64
		{3D93D337-C4B2-42F0-A1B7-843C555BFB53}.Release|x86.ActiveCfg = Release|Win32
		{3D93D337-C4B2-42F0-A1B7-843C555BFB53}.Release|x86.Build.0 = Release|Win32
		{362E5B74-7EEA-4B06-9730-6F06EE77830B}.Debug|x64.ActiveCfg = Debug|x64
		{362E5B74-7EEA-4B06-9730-6F06EE77830B}.Debug|x64.Build.0 = Debug|x64
		{362E5B74-7EEA-4B06-9730-6F06EE77830B}.Debug|x86.ActiveCfg = Debug|Win32
		{362E5B74-7EEA-4B06-9730-6F06EE77830B}.Debug|x86.Build.0 = Debug|Win32
		{362E5B74-7EEA-4B06-9730-6F06EE77830B}.Release|x64.ActiveCfg = Release|x64
		{362E5B74-7EEA-4B06-9730-6F06EE77830B}.Release|x64.Build.0 = Release|x64
		{362E5B74-7EEA-4B06-9730-6F06EE77830B}.Release|x86.ActiveCfg = Release|Win32
		{362E5B74-7EEA-4B06-9730-6F06EE77830B}.Release|x86.Build.0 = Release|Win32
	EndGlobalSection
	GlobalSection(SolutionProperties) = preSolution
		HideSolutionNode = FALSE
	EndGlobalSection
EndGlobal
